
Microsoft Visual Studio Solution File, Format Version 12.00
# Visual Studio Version 16
VisualStudioVersion = 16.0.30621.155
MinimumVisualStudioVersion = 10.0.40219.1
Project("{8BC9CEB8-8B4A-11D0-8D11-00A0C91BC942}") = "Цикл с предусловием", "Цикл с предусловием\Цикл с предусловием.vcxproj", "{85507AF8-B51D-44B2-8E34-E721ADF9A96D}"
EndProject
Global
	GlobalSection(SolutionConfigurationPlatforms) = preSolution
		Debug|x64 = Debug|x64
		Debug|x86 = Debug|x86
		Release|x64 = Release|x64
		Release|x86 = Release|x86
	EndGlobalSection
	GlobalSection(ProjectConfigurationPlatforms) = postSolution
		{85507AF8-B51D-44B2-8E34-E721ADF9A96D}.Debug|x64.ActiveCfg = Debug|x64
		{85507AF8-B51D-44B2-8E34-E721ADF9A96D}.Debug|x64.Build.0 = Debug|x64
		{85507AF8-B51D-44B2-8E34-E721ADF9A96D}.Debug|x86.ActiveCfg = Debug|Win32
		{85507AF8-B51D-44B2-8E34-E721ADF9A96D}.Debug|x86.Build.0 = Debug|Win32
		{85507AF8-B51D-44B2-8E34-E721ADF9A96D}.Release|x64.ActiveCfg = Release|x64
		{85507AF8-B51D-44B2-8E34-E721ADF9A96D}.Release|x64.Build.0 = Release|x64
		{85507AF8-B51D-44B2-8E34-E721ADF9A96D}.Release|x86.ActiveCfg = Release|Win32
		{85507AF8-B51D-44B2-8E34-E721ADF9A96D}.Release|x86.Build.0 = Release|Win32
	EndGlobalSection
	GlobalSection(SolutionProperties) = preSolution
		HideSolutionNode = FALSE
	EndGlobalSection
	GlobalSection(ExtensibilityGlobals) = postSolution
		SolutionGuid = {FA111D24-8CF2-4F97-82C5-7AB81265EE5E}
	EndGlobalSection
EndGlobal
